// !$*UTF8*$!
{
	archiveVersion = 1;
	classes = {
	};
	objectVersion = 46;
	objects = {

/* Begin PBXBuildFile section */
		375676121E7A129D006EC523 /* ADeque.swift in Sources */ = {isa = PBXBuildFile; fileRef = 375676111E7A129D006EC523 /* ADeque.swift */; };
		37C6080A1E78D93C0036A57A /* ALinkedListQueue.swift in Sources */ = {isa = PBXBuildFile; fileRef = 37C608091E78D93C0036A57A /* ALinkedListQueue.swift */; };
		37C6080D1E78D9950036A57A /* AQueueAPI.swift in Sources */ = {isa = PBXBuildFile; fileRef = 37C6080C1E78D9950036A57A /* AQueueAPI.swift */; };
		37C6080F1E78DA640036A57A /* AArrayQueue.swift in Sources */ = {isa = PBXBuildFile; fileRef = 37C6080E1E78DA640036A57A /* AArrayQueue.swift */; };
		37C608111E78ED070036A57A /* AQueueNode.swift in Sources */ = {isa = PBXBuildFile; fileRef = 37C608101E78ED070036A57A /* AQueueNode.swift */; };
		9032990E1E727E52000F5744 /* StackNode.swift in Sources */ = {isa = PBXBuildFile; fileRef = 9032990D1E727E52000F5744 /* StackNode.swift */; };
		903299101E72806C000F5744 /* LinkedListStack.swift in Sources */ = {isa = PBXBuildFile; fileRef = 9032990F1E72806C000F5744 /* LinkedListStack.swift */; };
		903299131E73758E000F5744 /* StackOfString.swift in Sources */ = {isa = PBXBuildFile; fileRef = 903299121E73758E000F5744 /* StackOfString.swift */; };
		903299151E770F2B000F5744 /* ArrayStack.swift in Sources */ = {isa = PBXBuildFile; fileRef = 903299141E770F2B000F5744 /* ArrayStack.swift */; };
		9071B62D1E69FC1000629D70 /* LinkedListStackDisjointSet.swift in Sources */ = {isa = PBXBuildFile; fileRef = 9071B62C1E69FC1000629D70 /* LinkedListStackDisjointSet.swift */; };
		90BE6E4A1E68081C00B08D28 /* main.swift in Sources */ = {isa = PBXBuildFile; fileRef = 90BE6E491E68081C00B08D28 /* main.swift */; };
		90BE6E521E69050D00B08D28 /* StackAPI.swift in Sources */ = {isa = PBXBuildFile; fileRef = 90BE6E511E69050D00B08D28 /* StackAPI.swift */; };
/* End PBXBuildFile section */

/* Begin PBXCopyFilesBuildPhase section */
		90BE6E441E68081C00B08D28 /* CopyFiles */ = {
			isa = PBXCopyFilesBuildPhase;
			buildActionMask = 2147483647;
			dstPath = /usr/share/man/man1/;
			dstSubfolderSpec = 0;
			files = (
			);
			runOnlyForDeploymentPostprocessing = 1;
		};
/* End PBXCopyFilesBuildPhase section */

/* Begin PBXFileReference section */
		375676111E7A129D006EC523 /* ADeque.swift */ = {isa = PBXFileReference; fileEncoding = 4; lastKnownFileType = sourcecode.swift; path = ADeque.swift; sourceTree = "<group>"; };
		37C608091E78D93C0036A57A /* ALinkedListQueue.swift */ = {isa = PBXFileReference; fileEncoding = 4; lastKnownFileType = sourcecode.swift; path = ALinkedListQueue.swift; sourceTree = "<group>"; };
		37C6080C1E78D9950036A57A /* AQueueAPI.swift */ = {isa = PBXFileReference; fileEncoding = 4; lastKnownFileType = sourcecode.swift; path = AQueueAPI.swift; sourceTree = "<group>"; };
		37C6080E1E78DA640036A57A /* AArrayQueue.swift */ = {isa = PBXFileReference; fileEncoding = 4; lastKnownFileType = sourcecode.swift; path = AArrayQueue.swift; sourceTree = "<group>"; };
		37C608101E78ED070036A57A /* AQueueNode.swift */ = {isa = PBXFileReference; fileEncoding = 4; lastKnownFileType = sourcecode.swift; path = AQueueNode.swift; sourceTree = "<group>"; };
		9032990D1E727E52000F5744 /* StackNode.swift */ = {isa = PBXFileReference; fileEncoding = 4; lastKnownFileType = sourcecode.swift; name = StackNode.swift; path = Stack/StackNode.swift; sourceTree = "<group>"; };
		9032990F1E72806C000F5744 /* LinkedListStack.swift */ = {isa = PBXFileReference; fileEncoding = 4; lastKnownFileType = sourcecode.swift; name = LinkedListStack.swift; path = Stack/LinkedListStack.swift; sourceTree = "<group>"; };
		903299111E72A722000F5744 /* Notes.txt */ = {isa = PBXFileReference; fileEncoding = 4; lastKnownFileType = text; path = Notes.txt; sourceTree = "<group>"; };
		903299121E73758E000F5744 /* StackOfString.swift */ = {isa = PBXFileReference; fileEncoding = 4; lastKnownFileType = sourcecode.swift; name = StackOfString.swift; path = Stack/StackOfString.swift; sourceTree = "<group>"; };
		903299141E770F2B000F5744 /* ArrayStack.swift */ = {isa = PBXFileReference; fileEncoding = 4; lastKnownFileType = sourcecode.swift; name = ArrayStack.swift; path = Stack/ArrayStack.swift; sourceTree = "<group>"; };
		9071B62C1E69FC1000629D70 /* LinkedListStackDisjointSet.swift */ = {isa = PBXFileReference; fileEncoding = 4; lastKnownFileType = sourcecode.swift; name = LinkedListStackDisjointSet.swift; path = Stack/LinkedListStackDisjointSet.swift; sourceTree = "<group>"; };
		90BE6E461E68081C00B08D28 /* QueueBagStacks */ = {isa = PBXFileReference; explicitFileType = "compiled.mach-o.executable"; includeInIndex = 0; path = QueueBagStacks; sourceTree = BUILT_PRODUCTS_DIR; };
		90BE6E491E68081C00B08D28 /* main.swift */ = {isa = PBXFileReference; lastKnownFileType = sourcecode.swift; path = main.swift; sourceTree = "<group>"; };
		90BE6E511E69050D00B08D28 /* StackAPI.swift */ = {isa = PBXFileReference; fileEncoding = 4; lastKnownFileType = sourcecode.swift; name = StackAPI.swift; path = Stack/StackAPI.swift; sourceTree = "<group>"; };
/* End PBXFileReference section */

/* Begin PBXFrameworksBuildPhase section */
		90BE6E431E68081C00B08D28 /* Frameworks */ = {
			isa = PBXFrameworksBuildPhase;
			buildActionMask = 2147483647;
			files = (
			);
			runOnlyForDeploymentPostprocessing = 0;
		};
/* End PBXFrameworksBuildPhase section */

/* Begin PBXGroup section */
		37C6080B1E78D9450036A57A /* Queue */ = {
			isa = PBXGroup;
			children = (
				37C6080C1E78D9950036A57A /* AQueueAPI.swift */,
				37C608101E78ED070036A57A /* AQueueNode.swift */,
				375676111E7A129D006EC523 /* ADeque.swift */,
				37C6080E1E78DA640036A57A /* AArrayQueue.swift */,
				37C608091E78D93C0036A57A /* ALinkedListQueue.swift */,
			);
			name = Queue;
			sourceTree = "<group>";
		};
		90BE6E3D1E68081C00B08D28 = {
			isa = PBXGroup;
			children = (
				90BE6E481E68081C00B08D28 /* QueueBagStacks */,
				90BE6E471E68081C00B08D28 /* Products */,
			);
			sourceTree = "<group>";
		};
		90BE6E471E68081C00B08D28 /* Products */ = {
			isa = PBXGroup;
			children = (
				90BE6E461E68081C00B08D28 /* QueueBagStacks */,
			);
			name = Products;
			sourceTree = "<group>";
		};
		90BE6E481E68081C00B08D28 /* QueueBagStacks */ = {
			isa = PBXGroup;
			children = (
				903299111E72A722000F5744 /* Notes.txt */,
				37C6080B1E78D9450036A57A /* Queue */,
				90BE6E501E6904B100B08D28 /* Stack */,
				90BE6E491E68081C00B08D28 /* main.swift */,
			);
			path = QueueBagStacks;
			sourceTree = "<group>";
		};
		90BE6E501E6904B100B08D28 /* Stack */ = {
			isa = PBXGroup;
			children = (
				90BE6E511E69050D00B08D28 /* StackAPI.swift */,
				9032990D1E727E52000F5744 /* StackNode.swift */,
				903299121E73758E000F5744 /* StackOfString.swift */,
				903299141E770F2B000F5744 /* ArrayStack.swift */,
				9032990F1E72806C000F5744 /* LinkedListStack.swift */,
				9071B62C1E69FC1000629D70 /* LinkedListStackDisjointSet.swift */,
			);
			name = Stack;
			sourceTree = "<group>";
		};
/* End PBXGroup section */

/* Begin PBXNativeTarget section */
		90BE6E451E68081C00B08D28 /* QueueBagStacks */ = {
			isa = PBXNativeTarget;
			buildConfigurationList = 90BE6E4D1E68081C00B08D28 /* Build configuration list for PBXNativeTarget "QueueBagStacks" */;
			buildPhases = (
				90BE6E421E68081C00B08D28 /* Sources */,
				90BE6E431E68081C00B08D28 /* Frameworks */,
				90BE6E441E68081C00B08D28 /* CopyFiles */,
			);
			buildRules = (
			);
			dependencies = (
			);
			name = QueueBagStacks;
			productName = QueueBagStacks;
			productReference = 90BE6E461E68081C00B08D28 /* QueueBagStacks */;
			productType = "com.apple.product-type.tool";
		};
/* End PBXNativeTarget section */

/* Begin PBXProject section */
		90BE6E3E1E68081C00B08D28 /* Project object */ = {
			isa = PBXProject;
			attributes = {
				LastSwiftUpdateCheck = 0820;
				LastUpgradeCheck = 0820;
				ORGANIZATIONNAME = ForeCyte;
				TargetAttributes = {
					90BE6E451E68081C00B08D28 = {
						CreatedOnToolsVersion = 8.2.1;
						DevelopmentTeam = NL9DRERKET;
						ProvisioningStyle = Automatic;
					};
				};
			};
			buildConfigurationList = 90BE6E411E68081C00B08D28 /* Build configuration list for PBXProject "QueueBagStacks" */;
			compatibilityVersion = "Xcode 3.2";
			developmentRegion = English;
			hasScannedForEncodings = 0;
			knownRegions = (
				en,
			);
			mainGroup = 90BE6E3D1E68081C00B08D28;
			productRefGroup = 90BE6E471E68081C00B08D28 /* Products */;
			projectDirPath = "";
			projectRoot = "";
			targets = (
				90BE6E451E68081C00B08D28 /* QueueBagStacks */,
			);
		};
/* End PBXProject section */

/* Begin PBXSourcesBuildPhase section */
		90BE6E421E68081C00B08D28 /* Sources */ = {
			isa = PBXSourcesBuildPhase;
			buildActionMask = 2147483647;
			files = (
				375676121E7A129D006EC523 /* ADeque.swift in Sources */,
				903299151E770F2B000F5744 /* ArrayStack.swift in Sources */,
				903299131E73758E000F5744 /* StackOfString.swift in Sources */,
				37C608111E78ED070036A57A /* AQueueNode.swift in Sources */,
				90BE6E4A1E68081C00B08D28 /* main.swift in Sources */,
				37C6080F1E78DA640036A57A /* AArrayQueue.swift in Sources */,
				90BE6E521E69050D00B08D28 /* StackAPI.swift in Sources */,
				9032990E1E727E52000F5744 /* StackNode.swift in Sources */,
				903299101E72806C000F5744 /* LinkedListStack.swift in Sources */,
				9071B62D1E69FC1000629D70 /* LinkedListStackDisjointSet.swift in Sources */,
				37C6080A1E78D93C0036A57A /* ALinkedListQueue.swift in Sources */,
				37C6080D1E78D9950036A57A /* AQueueAPI.swift in Sources */,
			);
			runOnlyForDeploymentPostprocessing = 0;
		};
/* End PBXSourcesBuildPhase section */

/* Begin XCBuildConfiguration section */
		90BE6E4B1E68081C00B08D28 /* Debug */ = {
			isa = XCBuildConfiguration;
			buildSettings = {
				ALWAYS_SEARCH_USER_PATHS = NO;
				CLANG_ANALYZER_NONNULL = YES;
				CLANG_CXX_LANGUAGE_STANDARD = "gnu++0x";
				CLANG_CXX_LIBRARY = "libc++";
				CLANG_ENABLE_MODULES = YES;
				CLANG_ENABLE_OBJC_ARC = YES;
				CLANG_WARN_BOOL_CONVERSION = YES;
				CLANG_WARN_CONSTANT_CONVERSION = YES;
				CLANG_WARN_DIRECT_OBJC_ISA_USAGE = YES_ERROR;
				CLANG_WARN_DOCUMENTATION_COMMENTS = YES;
				CLANG_WARN_EMPTY_BODY = YES;
				CLANG_WARN_ENUM_CONVERSION = YES;
				CLANG_WARN_INFINITE_RECURSION = YES;
				CLANG_WARN_INT_CONVERSION = YES;
				CLANG_WARN_OBJC_ROOT_CLASS = YES_ERROR;
				CLANG_WARN_SUSPICIOUS_MOVE = YES;
				CLANG_WARN_UNREACHABLE_CODE = YES;
				CLANG_WARN__DUPLICATE_METHOD_MATCH = YES;
				CODE_SIGN_IDENTITY = "-";
				COPY_PHASE_STRIP = NO;
				DEBUG_INFORMATION_FORMAT = dwarf;
				ENABLE_STRICT_OBJC_MSGSEND = YES;
				ENABLE_TESTABILITY = YES;
				GCC_C_LANGUAGE_STANDARD = gnu99;
				GCC_DYNAMIC_NO_PIC = NO;
				GCC_NO_COMMON_BLOCKS = YES;
				GCC_OPTIMIZATION_LEVEL = 0;
				GCC_PREPROCESSOR_DEFINITIONS = (
					"DEBUG=1",
					"$(inherited)",
				);
				GCC_WARN_64_TO_32_BIT_CONVERSION = YES;
				GCC_WARN_ABOUT_RETURN_TYPE = YES_ERROR;
				GCC_WARN_UNDECLARED_SELECTOR = YES;
				GCC_WARN_UNINITIALIZED_AUTOS = YES_AGGRESSIVE;
				GCC_WARN_UNUSED_FUNCTION = YES;
				GCC_WARN_UNUSED_VARIABLE = YES;
				MACOSX_DEPLOYMENT_TARGET = 10.12;
				MTL_ENABLE_DEBUG_INFO = YES;
				ONLY_ACTIVE_ARCH = YES;
				SDKROOT = macosx;
				SWIFT_OPTIMIZATION_LEVEL = "-Onone";
			};
			name = Debug;
		};
		90BE6E4C1E68081C00B08D28 /* Release */ = {
			isa = XCBuildConfiguration;
			buildSettings = {
				ALWAYS_SEARCH_USER_PATHS = NO;
				CLANG_ANALYZER_NONNULL = YES;
				CLANG_CXX_LANGUAGE_STANDARD = "gnu++0x";
				CLANG_CXX_LIBRARY = "libc++";
				CLANG_ENABLE_MODULES = YES;
				CLANG_ENABLE_OBJC_ARC = YES;
				CLANG_WARN_BOOL_CONVERSION = YES;
				CLANG_WARN_CONSTANT_CONVERSION = YES;
				CLANG_WARN_DIRECT_OBJC_ISA_USAGE = YES_ERROR;
				CLANG_WARN_DOCUMENTATION_COMMENTS = YES;
				CLANG_WARN_EMPTY_BODY = YES;
				CLANG_WARN_ENUM_CONVERSION = YES;
				CLANG_WARN_INFINITE_RECURSION = YES;
				CLANG_WARN_INT_CONVERSION = YES;
				CLANG_WARN_OBJC_ROOT_CLASS = YES_ERROR;
				CLANG_WARN_SUSPICIOUS_MOVE = YES;
				CLANG_WARN_UNREACHABLE_CODE = YES;
				CLANG_WARN__DUPLICATE_METHOD_MATCH = YES;
				CODE_SIGN_IDENTITY = "-";
				COPY_PHASE_STRIP = NO;
				DEBUG_INFORMATION_FORMAT = "dwarf-with-dsym";
				ENABLE_NS_ASSERTIONS = NO;
				ENABLE_STRICT_OBJC_MSGSEND = YES;
				GCC_C_LANGUAGE_STANDARD = gnu99;
				GCC_NO_COMMON_BLOCKS = YES;
				GCC_WARN_64_TO_32_BIT_CONVERSION = YES;
				GCC_WARN_ABOUT_RETURN_TYPE = YES_ERROR;
				GCC_WARN_UNDECLARED_SELECTOR = YES;
				GCC_WARN_UNINITIALIZED_AUTOS = YES_AGGRESSIVE;
				GCC_WARN_UNUSED_FUNCTION = YES;
				GCC_WARN_UNUSED_VARIABLE = YES;
				MACOSX_DEPLOYMENT_TARGET = 10.12;
				MTL_ENABLE_DEBUG_INFO = NO;
				SDKROOT = macosx;
			};
			name = Release;
		};
		90BE6E4E1E68081C00B08D28 /* Debug */ = {
			isa = XCBuildConfiguration;
			buildSettings = {
				DEVELOPMENT_TEAM = NL9DRERKET;
				PRODUCT_NAME = "$(TARGET_NAME)";
				SWIFT_VERSION = 3.0;
			};
			name = Debug;
		};
		90BE6E4F1E68081C00B08D28 /* Release */ = {
			isa = XCBuildConfiguration;
			buildSettings = {
				DEVELOPMENT_TEAM = NL9DRERKET;
				PRODUCT_NAME = "$(TARGET_NAME)";
				SWIFT_VERSION = 3.0;
			};
			name = Release;
		};
/* End XCBuildConfiguration section */

/* Begin XCConfigurationList section */
		90BE6E411E68081C00B08D28 /* Build configuration list for PBXProject "QueueBagStacks" */ = {
			isa = XCConfigurationList;
			buildConfigurations = (
				90BE6E4B1E68081C00B08D28 /* Debug */,
				90BE6E4C1E68081C00B08D28 /* Release */,
			);
			defaultConfigurationIsVisible = 0;
			defaultConfigurationName = Release;
		};
		90BE6E4D1E68081C00B08D28 /* Build configuration list for PBXNativeTarget "QueueBagStacks" */ = {
			isa = XCConfigurationList;
			buildConfigurations = (
				90BE6E4E1E68081C00B08D28 /* Debug */,
				90BE6E4F1E68081C00B08D28 /* Release */,
			);
			defaultConfigurationIsVisible = 0;
			defaultConfigurationName = Release;
		};
/* End XCConfigurationList section */
	};
	rootObject = 90BE6E3E1E68081C00B08D28 /* Project object */;
}
